
Microsoft Visual Studio Solution File, Format Version 12.00
# Visual Studio Version 17
VisualStudioVersion = 17.11.35327.3
MinimumVisualStudioVersion = 10.0.40219.1
Project("{FAE04EC0-301F-11D3-BF4B-00C04F79EFBC}") = "SegundoParcialPrestamos.Entidades", "SegundoParcialPrestamos.Entidades\SegundoParcialPrestamos.Entidades.csproj", "{502E63DA-5FDD-402E-A8C1-483AB3B50DD3}"
EndProject
Project("{FAE04EC0-301F-11D3-BF4B-00C04F79EFBC}") = "SegundoParcialPrestamos.Datos", "SegundoParcialPrestamos.Datos\SegundoParcialPrestamos.Datos.csproj", "{CBAB7B70-27B1-452C-8EE5-B162469119FB}"
EndProject
Project("{FAE04EC0-301F-11D3-BF4B-00C04F79EFBC}") = "SegundoParcialPrestamos.Windows", "SegundoParcialPrestamos.Windows\SegundoParcialPrestamos.Windows.csproj", "{C6CC1860-1086-4828-B53A-C45B687B53F7}"
EndProject
Global
	GlobalSection(SolutionConfigurationPlatforms) = preSolution
		Debug|Any CPU = Debug|Any CPU
		Release|Any CPU = Release|Any CPU
	EndGlobalSection
	GlobalSection(ProjectConfigurationPlatforms) = postSolution
		{502E63DA-5FDD-402E-A8C1-483AB3B50DD3}.Debug|Any CPU.ActiveCfg = Debug|Any CPU
		{502E63DA-5FDD-402E-A8C1-483AB3B50DD3}.Debug|Any CPU.Build.0 = Debug|Any CPU
		{502E63DA-5FDD-402E-A8C1-483AB3B50DD3}.Release|Any CPU.ActiveCfg = Release|Any CPU
		{502E63DA-5FDD-402E-A8C1-483AB3B50DD3}.Release|Any CPU.Build.0 = Release|Any CPU
		{CBAB7B70-27B1-452C-8EE5-B162469119FB}.Debug|Any CPU.ActiveCfg = Debug|Any CPU
		{CBAB7B70-27B1-452C-8EE5-B162469119FB}.Debug|Any CPU.Build.0 = Debug|Any CPU
		{CBAB7B70-27B1-452C-8EE5-B162469119FB}.Release|Any CPU.ActiveCfg = Release|Any CPU
		{CBAB7B70-27B1-452C-8EE5-B162469119FB}.Release|Any CPU.Build.0 = Release|Any CPU
		{C6CC1860-1086-4828-B53A-C45B687B53F7}.Debug|Any CPU.ActiveCfg = Debug|Any CPU
		{C6CC1860-1086-4828-B53A-C45B687B53F7}.Debug|Any CPU.Build.0 = Debug|Any CPU
		{C6CC1860-1086-4828-B53A-C45B687B53F7}.Release|Any CPU.ActiveCfg = Release|Any CPU
		{C6CC1860-1086-4828-B53A-C45B687B53F7}.Release|Any CPU.Build.0 = Release|Any CPU
	EndGlobalSection
	GlobalSection(SolutionProperties) = preSolution
		HideSolutionNode = FALSE
	EndGlobalSection
	GlobalSection(ExtensibilityGlobals) = postSolution
		SolutionGuid = {E09CCF94-163A-48C3-AE73-0FD43A6205F1}
	EndGlobalSection
EndGlobal
